// !$*UTF8*$!
{
	archiveVersion = 1;
	classes = {
	};
	objectVersion = 50;
	objects = {

/* Begin PBXBuildFile section */
		CF0EB7A323FF1D8100B3B108 /* AppDelegate.swift in Sources */ = {isa = PBXBuildFile; fileRef = CF0EB7A223FF1D8100B3B108 /* AppDelegate.swift */; };
		CF0EB7A523FF1D8100B3B108 /* SceneDelegate.swift in Sources */ = {isa = PBXBuildFile; fileRef = CF0EB7A423FF1D8100B3B108 /* SceneDelegate.swift */; };
		CF0EB7A723FF1D8100B3B108 /* ContentView.swift in Sources */ = {isa = PBXBuildFile; fileRef = CF0EB7A623FF1D8100B3B108 /* ContentView.swift */; };
		CF0EB7A923FF1D8300B3B108 /* Assets.xcassets in Resources */ = {isa = PBXBuildFile; fileRef = CF0EB7A823FF1D8300B3B108 /* Assets.xcassets */; };
		CF0EB7AC23FF1D8300B3B108 /* Preview Assets.xcassets in Resources */ = {isa = PBXBuildFile; fileRef = CF0EB7AB23FF1D8300B3B108 /* Preview Assets.xcassets */; };
		CF0EB7AF23FF1D8300B3B108 /* LaunchScreen.storyboard in Resources */ = {isa = PBXBuildFile; fileRef = CF0EB7AD23FF1D8300B3B108 /* LaunchScreen.storyboard */; };
		CF0EB7B823FF22D800B3B108 /* tic-tac-toe.swift in Sources */ = {isa = PBXBuildFile; fileRef = CF0EB7B723FF22D800B3B108 /* tic-tac-toe.swift */; };
/* End PBXBuildFile section */

/* Begin PBXFileReference section */
		CF0EB79F23FF1D8100B3B108 /* game-tic-tac-toe.app */ = {isa = PBXFileReference; explicitFileType = wrapper.application; includeInIndex = 0; path = "game-tic-tac-toe.app"; sourceTree = BUILT_PRODUCTS_DIR; };
		CF0EB7A223FF1D8100B3B108 /* AppDelegate.swift */ = {isa = PBXFileReference; lastKnownFileType = sourcecode.swift; path = AppDelegate.swift; sourceTree = "<group>"; };
		CF0EB7A423FF1D8100B3B108 /* SceneDelegate.swift */ = {isa = PBXFileReference; lastKnownFileType = sourcecode.swift; path = SceneDelegate.swift; sourceTree = "<group>"; };
		CF0EB7A623FF1D8100B3B108 /* ContentView.swift */ = {isa = PBXFileReference; lastKnownFileType = sourcecode.swift; path = ContentView.swift; sourceTree = "<group>"; };
		CF0EB7A823FF1D8300B3B108 /* Assets.xcassets */ = {isa = PBXFileReference; lastKnownFileType = folder.assetcatalog; path = Assets.xcassets; sourceTree = "<group>"; };
		CF0EB7AB23FF1D8300B3B108 /* Preview Assets.xcassets */ = {isa = PBXFileReference; lastKnownFileType = folder.assetcatalog; path = "Preview Assets.xcassets"; sourceTree = "<group>"; };
		CF0EB7AE23FF1D8300B3B108 /* Base */ = {isa = PBXFileReference; lastKnownFileType = file.storyboard; name = Base; path = Base.lproj/LaunchScreen.storyboard; sourceTree = "<group>"; };
		CF0EB7B023FF1D8300B3B108 /* Info.plist */ = {isa = PBXFileReference; lastKnownFileType = text.plist.xml; path = Info.plist; sourceTree = "<group>"; };
		CF0EB7B723FF22D800B3B108 /* tic-tac-toe.swift */ = {isa = PBXFileReference; lastKnownFileType = sourcecode.swift; path = "tic-tac-toe.swift"; sourceTree = "<group>"; };
/* End PBXFileReference section */

/* Begin PBXFrameworksBuildPhase section */
		CF0EB79C23FF1D8100B3B108 /* Frameworks */ = {
			isa = PBXFrameworksBuildPhase;
			buildActionMask = 2147483647;
			files = (
			);
			runOnlyForDeploymentPostprocessing = 0;
		};
/* End PBXFrameworksBuildPhase section */

/* Begin PBXGroup section */
		CF0EB79623FF1D8100B3B108 = {
			isa = PBXGroup;
			children = (
				CF0EB7A123FF1D8100B3B108 /* game-tic-tac-toe */,
				CF0EB7A023FF1D8100B3B108 /* Products */,
			);
			sourceTree = "<group>";
		};
		CF0EB7A023FF1D8100B3B108 /* Products */ = {
			isa = PBXGroup;
			children = (
				CF0EB79F23FF1D8100B3B108 /* game-tic-tac-toe.app */,
			);
			name = Products;
			sourceTree = "<group>";
		};
		CF0EB7A123FF1D8100B3B108 /* game-tic-tac-toe */ = {
			isa = PBXGroup;
			children = (
				CF0EB7B623FF22B900B3B108 /* game-logic */,
				CF0EB7A223FF1D8100B3B108 /* AppDelegate.swift */,
				CF0EB7A423FF1D8100B3B108 /* SceneDelegate.swift */,
				CF0EB7A623FF1D8100B3B108 /* ContentView.swift */,
				CF0EB7A823FF1D8300B3B108 /* Assets.xcassets */,
				CF0EB7AD23FF1D8300B3B108 /* LaunchScreen.storyboard */,
				CF0EB7B023FF1D8300B3B108 /* Info.plist */,
				CF0EB7AA23FF1D8300B3B108 /* Preview Content */,
			);
			path = "game-tic-tac-toe";
			sourceTree = "<group>";
		};
		CF0EB7AA23FF1D8300B3B108 /* Preview Content */ = {
			isa = PBXGroup;
			children = (
				CF0EB7AB23FF1D8300B3B108 /* Preview Assets.xcassets */,
			);
			path = "Preview Content";
			sourceTree = "<group>";
		};
		CF0EB7B623FF22B900B3B108 /* game-logic */ = {
			isa = PBXGroup;
			children = (
				CF0EB7B723FF22D800B3B108 /* tic-tac-toe.swift */,
			);
			path = "game-logic";
			sourceTree = "<group>";
		};
/* End PBXGroup section */

/* Begin PBXNativeTarget section */
		CF0EB79E23FF1D8100B3B108 /* game-tic-tac-toe */ = {
			isa = PBXNativeTarget;
			buildConfigurationList = CF0EB7B323FF1D8300B3B108 /* Build configuration list for PBXNativeTarget "game-tic-tac-toe" */;
			buildPhases = (
				CF0EB79B23FF1D8100B3B108 /* Sources */,
				CF0EB79C23FF1D8100B3B108 /* Frameworks */,
				CF0EB79D23FF1D8100B3B108 /* Resources */,
			);
			buildRules = (
			);
			dependencies = (
			);
			name = "game-tic-tac-toe";
			productName = "game-tic-tac-toe";
			productReference = CF0EB79F23FF1D8100B3B108 /* game-tic-tac-toe.app */;
			productType = "com.apple.product-type.application";
		};
/* End PBXNativeTarget section */

/* Begin PBXProject section */
		CF0EB79723FF1D8100B3B108 /* Project object */ = {
			isa = PBXProject;
			attributes = {
				LastSwiftUpdateCheck = 1130;
				LastUpgradeCheck = 1130;
				ORGANIZATIONNAME = Rubeen;
				TargetAttributes = {
					CF0EB79E23FF1D8100B3B108 = {
						CreatedOnToolsVersion = 11.3.1;
					};
				};
			};
			buildConfigurationList = CF0EB79A23FF1D8100B3B108 /* Build configuration list for PBXProject "game-tic-tac-toe" */;
			compatibilityVersion = "Xcode 9.3";
			developmentRegion = en;
			hasScannedForEncodings = 0;
			knownRegions = (
				en,
				Base,
			);
			mainGroup = CF0EB79623FF1D8100B3B108;
			productRefGroup = CF0EB7A023FF1D8100B3B108 /* Products */;
			projectDirPath = "";
			projectRoot = "";
			targets = (
				CF0EB79E23FF1D8100B3B108 /* game-tic-tac-toe */,
			);
		};
/* End PBXProject section */

/* Begin PBXResourcesBuildPhase section */
		CF0EB79D23FF1D8100B3B108 /* Resources */ = {
			isa = PBXResourcesBuildPhase;
			buildActionMask = 2147483647;
			files = (
				CF0EB7AF23FF1D8300B3B108 /* LaunchScreen.storyboard in Resources */,
				CF0EB7AC23FF1D8300B3B108 /* Preview Assets.xcassets in Resources */,
				CF0EB7A923FF1D8300B3B108 /* Assets.xcassets in Resources */,
			);
			runOnlyForDeploymentPostprocessing = 0;
		};
/* End PBXResourcesBuildPhase section */

/* Begin PBXSourcesBuildPhase section */
		CF0EB79B23FF1D8100B3B108 /* Sources */ = {
			isa = PBXSourcesBuildPhase;
			buildActionMask = 2147483647;
			files = (
				CF0EB7A323FF1D8100B3B108 /* AppDelegate.swift in Sources */,
				CF0EB7A523FF1D8100B3B108 /* SceneDelegate.swift in Sources */,
				CF0EB7B823FF22D800B3B108 /* tic-tac-toe.swift in Sources */,
				CF0EB7A723FF1D8100B3B108 /* ContentView.swift in Sources */,
			);
			runOnlyForDeploymentPostprocessing = 0;
		};
/* End PBXSourcesBuildPhase section */

/* Begin PBXVariantGroup section */
		CF0EB7AD23FF1D8300B3B108 /* LaunchScreen.storyboard */ = {
			isa = PBXVariantGroup;
			children = (
				CF0EB7AE23FF1D8300B3B108 /* Base */,
			);
			name = LaunchScreen.storyboard;
			sourceTree = "<group>";
		};
/* End PBXVariantGroup section */

/* Begin XCBuildConfiguration section */
		CF0EB7B123FF1D8300B3B108 /* Debug */ = {
			isa = XCBuildConfiguration;
			buildSettings = {
				ALWAYS_SEARCH_USER_PATHS = NO;
				CLANG_ANALYZER_NONNULL = YES;
				CLANG_ANALYZER_NUMBER_OBJECT_CONVERSION = YES_AGGRESSIVE;
				CLANG_CXX_LANGUAGE_STANDARD = "gnu++14";
				CLANG_CXX_LIBRARY = "libc++";
				CLANG_ENABLE_MODULES = YES;
				CLANG_ENABLE_OBJC_ARC = YES;
				CLANG_ENABLE_OBJC_WEAK = YES;
				CLANG_WARN_BLOCK_CAPTURE_AUTORELEASING = YES;
				CLANG_WARN_BOOL_CONVERSION = YES;
				CLANG_WARN_COMMA = YES;
				CLANG_WARN_CONSTANT_CONVERSION = YES;
				CLANG_WARN_DEPRECATED_OBJC_IMPLEMENTATIONS = YES;
				CLANG_WARN_DIRECT_OBJC_ISA_USAGE = YES_ERROR;
				CLANG_WARN_DOCUMENTATION_COMMENTS = YES;
				CLANG_WARN_EMPTY_BODY = YES;
				CLANG_WARN_ENUM_CONVERSION = YES;
				CLANG_WARN_INFINITE_RECURSION = YES;
				CLANG_WARN_INT_CONVERSION = YES;
				CLANG_WARN_NON_LITERAL_NULL_CONVERSION = YES;
				CLANG_WARN_OBJC_IMPLICIT_RETAIN_SELF = YES;
				CLANG_WARN_OBJC_LITERAL_CONVERSION = YES;
				CLANG_WARN_OBJC_ROOT_CLASS = YES_ERROR;
				CLANG_WARN_RANGE_LOOP_ANALYSIS = YES;
				CLANG_WARN_STRICT_PROTOTYPES = YES;
				CLANG_WARN_SUSPICIOUS_MOVE = YES;
				CLANG_WARN_UNGUARDED_AVAILABILITY = YES_AGGRESSIVE;
				CLANG_WARN_UNREACHABLE_CODE = YES;
				CLANG_WARN__DUPLICATE_METHOD_MATCH = YES;
				COPY_PHASE_STRIP = NO;
				DEBUG_INFORMATION_FORMAT = dwarf;
				ENABLE_STRICT_OBJC_MSGSEND = YES;
				ENABLE_TESTABILITY = YES;
				GCC_C_LANGUAGE_STANDARD = gnu11;
				GCC_DYNAMIC_NO_PIC = NO;
				GCC_NO_COMMON_BLOCKS = YES;
				GCC_OPTIMIZATION_LEVEL = 0;
				GCC_PREPROCESSOR_DEFINITIONS = (
					"DEBUG=1",
					"$(inherited)",
				);
				GCC_WARN_64_TO_32_BIT_CONVERSION = YES;
				GCC_WARN_ABOUT_RETURN_TYPE = YES_ERROR;
				GCC_WARN_UNDECLARED_SELECTOR = YES;
				GCC_WARN_UNINITIALIZED_AUTOS = YES_AGGRESSIVE;
				GCC_WARN_UNUSED_FUNCTION = YES;
				GCC_WARN_UNUSED_VARIABLE = YES;
				IPHONEOS_DEPLOYMENT_TARGET = 13.2;
				MTL_ENABLE_DEBUG_INFO = INCLUDE_SOURCE;
				MTL_FAST_MATH = YES;
				ONLY_ACTIVE_ARCH = YES;
				SDKROOT = iphoneos;
				SWIFT_ACTIVE_COMPILATION_CONDITIONS = DEBUG;
				SWIFT_OPTIMIZATION_LEVEL = "-Onone";
			};
			name = Debug;
		};
		CF0EB7B223FF1D8300B3B108 /* Release */ = {
			isa = XCBuildConfiguration;
			buildSettings = {
				ALWAYS_SEARCH_USER_PATHS = NO;
				CLANG_ANALYZER_NONNULL = YES;
				CLANG_ANALYZER_NUMBER_OBJECT_CONVERSION = YES_AGGRESSIVE;
				CLANG_CXX_LANGUAGE_STANDARD = "gnu++14";
				CLANG_CXX_LIBRARY = "libc++";
				CLANG_ENABLE_MODULES = YES;
				CLANG_ENABLE_OBJC_ARC = YES;
				CLANG_ENABLE_OBJC_WEAK = YES;
				CLANG_WARN_BLOCK_CAPTURE_AUTORELEASING = YES;
				CLANG_WARN_BOOL_CONVERSION = YES;
				CLANG_WARN_COMMA = YES;
				CLANG_WARN_CONSTANT_CONVERSION = YES;
				CLANG_WARN_DEPRECATED_OBJC_IMPLEMENTATIONS = YES;
				CLANG_WARN_DIRECT_OBJC_ISA_USAGE = YES_ERROR;
				CLANG_WARN_DOCUMENTATION_COMMENTS = YES;
				CLANG_WARN_EMPTY_BODY = YES;
				CLANG_WARN_ENUM_CONVERSION = YES;
				CLANG_WARN_INFINITE_RECURSION = YES;
				CLANG_WARN_INT_CONVERSION = YES;
				CLANG_WARN_NON_LITERAL_NULL_CONVERSION = YES;
				CLANG_WARN_OBJC_IMPLICIT_RETAIN_SELF = YES;
				CLANG_WARN_OBJC_LITERAL_CONVERSION = YES;
				CLANG_WARN_OBJC_ROOT_CLASS = YES_ERROR;
				CLANG_WARN_RANGE_LOOP_ANALYSIS = YES;
				CLANG_WARN_STRICT_PROTOTYPES = YES;
				CLANG_WARN_SUSPICIOUS_MOVE = YES;
				CLANG_WARN_UNGUARDED_AVAILABILITY = YES_AGGRESSIVE;
				CLANG_WARN_UNREACHABLE_CODE = YES;
				CLANG_WARN__DUPLICATE_METHOD_MATCH = YES;
				COPY_PHASE_STRIP = NO;
				DEBUG_INFORMATION_FORMAT = "dwarf-with-dsym";
				ENABLE_NS_ASSERTIONS = NO;
				ENABLE_STRICT_OBJC_MSGSEND = YES;
				GCC_C_LANGUAGE_STANDARD = gnu11;
				GCC_NO_COMMON_BLOCKS = YES;
				GCC_WARN_64_TO_32_BIT_CONVERSION = YES;
				GCC_WARN_ABOUT_RETURN_TYPE = YES_ERROR;
				GCC_WARN_UNDECLARED_SELECTOR = YES;
				GCC_WARN_UNINITIALIZED_AUTOS = YES_AGGRESSIVE;
				GCC_WARN_UNUSED_FUNCTION = YES;
				GCC_WARN_UNUSED_VARIABLE = YES;
				IPHONEOS_DEPLOYMENT_TARGET = 13.2;
				MTL_ENABLE_DEBUG_INFO = NO;
				MTL_FAST_MATH = YES;
				SDKROOT = iphoneos;
				SWIFT_COMPILATION_MODE = wholemodule;
				SWIFT_OPTIMIZATION_LEVEL = "-O";
				VALIDATE_PRODUCT = YES;
			};
			name = Release;
		};
		CF0EB7B423FF1D8300B3B108 /* Debug */ = {
			isa = XCBuildConfiguration;
			buildSettings = {
				ASSETCATALOG_COMPILER_APPICON_NAME = AppIcon;
				CODE_SIGN_STYLE = Automatic;
				DEVELOPMENT_ASSET_PATHS = "\"game-tic-tac-toe/Preview Content\"";
				DEVELOPMENT_TEAM = H95J852PKP;
				ENABLE_PREVIEWS = YES;
				INFOPLIST_FILE = "game-tic-tac-toe/Info.plist";
				LD_RUNPATH_SEARCH_PATHS = (
					"$(inherited)",
					"@executable_path/Frameworks",
				);
				PRODUCT_BUNDLE_IDENTIFIER = "one.rubeen.ios.game-tic-tac-toe";
				PRODUCT_NAME = "$(TARGET_NAME)";
				SWIFT_VERSION = 5.0;
				TARGETED_DEVICE_FAMILY = "1,2";
			};
			name = Debug;
		};
		CF0EB7B523FF1D8300B3B108 /* Release */ = {
			isa = XCBuildConfiguration;
			buildSettings = {
				ASSETCATALOG_COMPILER_APPICON_NAME = AppIcon;
				CODE_SIGN_STYLE = Automatic;
				DEVELOPMENT_ASSET_PATHS = "\"game-tic-tac-toe/Preview Content\"";
				DEVELOPMENT_TEAM = H95J852PKP;
				ENABLE_PREVIEWS = YES;
				INFOPLIST_FILE = "game-tic-tac-toe/Info.plist";
				LD_RUNPATH_SEARCH_PATHS = (
					"$(inherited)",
					"@executable_path/Frameworks",
				);
				PRODUCT_BUNDLE_IDENTIFIER = "one.rubeen.ios.game-tic-tac-toe";
				PRODUCT_NAME = "$(TARGET_NAME)";
				SWIFT_VERSION = 5.0;
				TARGETED_DEVICE_FAMILY = "1,2";
			};
			name = Release;
		};
/* End XCBuildConfiguration section */

/* Begin XCConfigurationList section */
		CF0EB79A23FF1D8100B3B108 /* Build configuration list for PBXProject "game-tic-tac-toe" */ = {
			isa = XCConfigurationList;
			buildConfigurations = (
				CF0EB7B123FF1D8300B3B108 /* Debug */,
				CF0EB7B223FF1D8300B3B108 /* Release */,
			);
			defaultConfigurationIsVisible = 0;
			defaultConfigurationName = Release;
		};
		CF0EB7B323FF1D8300B3B108 /* Build configuration list for PBXNativeTarget "game-tic-tac-toe" */ = {
			isa = XCConfigurationList;
			buildConfigurations = (
				CF0EB7B423FF1D8300B3B108 /* Debug */,
				CF0EB7B523FF1D8300B3B108 /* Release */,
			);
			defaultConfigurationIsVisible = 0;
			defaultConfigurationName = Release;
		};
/* End XCConfigurationList section */
	};
	rootObject = CF0EB79723FF1D8100B3B108 /* Project object */;
}
